
Microsoft Visual Studio Solution File, Format Version 12.00
# Visual Studio Version 16
VisualStudioVersion = 16.0.30309.148
MinimumVisualStudioVersion = 10.0.40219.1
Project("{FAE04EC0-301F-11D3-BF4B-00C04F79EFBC}") = "oop-6115261014-w02", "oop-6115261014-w02.csproj", "{9EAE8FD2-F735-4CF4-8DF4-49D6BDB706EC}"
EndProject
Global
	GlobalSection(SolutionConfigurationPlatforms) = preSolution
		Debug|Any CPU = Debug|Any CPU
		Release|Any CPU = Release|Any CPU
	EndGlobalSection
	GlobalSection(ProjectConfigurationPlatforms) = postSolution
		{9EAE8FD2-F735-4CF4-8DF4-49D6BDB706EC}.Debug|Any CPU.ActiveCfg = Debug|Any CPU
		{9EAE8FD2-F735-4CF4-8DF4-49D6BDB706EC}.Debug|Any CPU.Build.0 = Debug|Any CPU
		{9EAE8FD2-F735-4CF4-8DF4-49D6BDB706EC}.Release|Any CPU.ActiveCfg = Release|Any CPU
		{9EAE8FD2-F735-4CF4-8DF4-49D6BDB706EC}.Release|Any CPU.Build.0 = Release|Any CPU
	EndGlobalSection
	GlobalSection(SolutionProperties) = preSolution
		HideSolutionNode = FALSE
	EndGlobalSection
	GlobalSection(ExtensibilityGlobals) = postSolution
		SolutionGuid = {1F3AB81C-2818-4253-91F2-6BB70857739C}
	EndGlobalSection
EndGlobal
